
Microsoft Visual Studio Solution File, Format Version 12.00
# Visual Studio 14
VisualStudioVersion = 14.0.23107.0
MinimumVisualStudioVersion = 10.0.40219.1
Project("{FAE04EC0-301F-11D3-BF4B-00C04F79EFBC}") = "Class-Chapter2", "Class-Chapter2\Class-Chapter2.csproj", "{03BDFA18-2979-49F7-9855-2612C51610DA}"
EndProject
Project("{FAE04EC0-301F-11D3-BF4B-00C04F79EFBC}") = "consoleApplication", "consoleApplication\consoleApplication.csproj", "{FCB246D3-7268-44DC-A849-4B12ACF5E37D}"
EndProject
Global
	GlobalSection(SolutionConfigurationPlatforms) = preSolution
		Debug|Any CPU = Debug|Any CPU
		Release|Any CPU = Release|Any CPU
	EndGlobalSection
	GlobalSection(ProjectConfigurationPlatforms) = postSolution
		{03BDFA18-2979-49F7-9855-2612C51610DA}.Debug|Any CPU.ActiveCfg = Debug|Any CPU
		{03BDFA18-2979-49F7-9855-2612C51610DA}.Debug|Any CPU.Build.0 = Debug|Any CPU
		{03BDFA18-2979-49F7-9855-2612C51610DA}.Release|Any CPU.ActiveCfg = Release|Any CPU
		{03BDFA18-2979-49F7-9855-2612C51610DA}.Release|Any CPU.Build.0 = Release|Any CPU
		{FCB246D3-7268-44DC-A849-4B12ACF5E37D}.Debug|Any CPU.ActiveCfg = Debug|Any CPU
		{FCB246D3-7268-44DC-A849-4B12ACF5E37D}.Debug|Any CPU.Build.0 = Debug|Any CPU
		{FCB246D3-7268-44DC-A849-4B12ACF5E37D}.Release|Any CPU.ActiveCfg = Release|Any CPU
		{FCB246D3-7268-44DC-A849-4B12ACF5E37D}.Release|Any CPU.Build.0 = Release|Any CPU
	EndGlobalSection
	GlobalSection(SolutionProperties) = preSolution
		HideSolutionNode = FALSE
	EndGlobalSection
EndGlobal
